
Microsoft Visual Studio Solution File, Format Version 12.00
# Visual Studio Version 17
VisualStudioVersion = 17.4.33205.214
MinimumVisualStudioVersion = 10.0.40219.1
Project("{9A19103F-16F7-4668-BE54-9A1E7A4F7556}") = "MapViewerEngine", "MapViewerEngine\MapViewerEngine.csproj", "{8B824361-4511-4E9B-80FB-B20845A5D826}"
EndProject
Project("{9A19103F-16F7-4668-BE54-9A1E7A4F7556}") = "MapViewerEngine.Server", "MapViewerEngine.Server\MapViewerEngine.Server.csproj", "{DAAA6B31-06AF-417E-87E2-0DA9911AAF00}"
EndProject
Project("{9A19103F-16F7-4668-BE54-9A1E7A4F7556}") = "GbxToolAPI.Client", "GbxToolAPI\Src\GbxToolAPI.Client\GbxToolAPI.Client.csproj", "{4CA77F13-CC31-4386-B52C-8862674EE4DE}"
EndProject
Project("{9A19103F-16F7-4668-BE54-9A1E7A4F7556}") = "GbxToolAPI", "GbxToolAPI\Src\GbxToolAPI\GbxToolAPI.csproj", "{BF9BB7F8-2A2D-46B9-9F9D-051ADAF54552}"
EndProject
Project("{9A19103F-16F7-4668-BE54-9A1E7A4F7556}") = "GbxToolAPI.Client.Generators", "GbxToolAPI\Generators\GbxToolAPI.Client.Generators\GbxToolAPI.Client.Generators.csproj", "{0672ECB3-1E30-434B-B792-AA7A8EDD8623}"
EndProject
Global
	GlobalSection(SolutionConfigurationPlatforms) = preSolution
		Debug|Any CPU = Debug|Any CPU
		Release|Any CPU = Release|Any CPU
	EndGlobalSection
	GlobalSection(ProjectConfigurationPlatforms) = postSolution
		{8B824361-4511-4E9B-80FB-B20845A5D826}.Debug|Any CPU.ActiveCfg = Debug|Any CPU
		{8B824361-4511-4E9B-80FB-B20845A5D826}.Debug|Any CPU.Build.0 = Debug|Any CPU
		{8B824361-4511-4E9B-80FB-B20845A5D826}.Release|Any CPU.ActiveCfg = Release|Any CPU
		{8B824361-4511-4E9B-80FB-B20845A5D826}.Release|Any CPU.Build.0 = Release|Any CPU
		{DAAA6B31-06AF-417E-87E2-0DA9911AAF00}.Debug|Any CPU.ActiveCfg = Debug|Any CPU
		{DAAA6B31-06AF-417E-87E2-0DA9911AAF00}.Debug|Any CPU.Build.0 = Debug|Any CPU
		{DAAA6B31-06AF-417E-87E2-0DA9911AAF00}.Release|Any CPU.ActiveCfg = Release|Any CPU
		{DAAA6B31-06AF-417E-87E2-0DA9911AAF00}.Release|Any CPU.Build.0 = Release|Any CPU
		{4CA77F13-CC31-4386-B52C-8862674EE4DE}.Debug|Any CPU.ActiveCfg = Debug|Any CPU
		{4CA77F13-CC31-4386-B52C-8862674EE4DE}.Debug|Any CPU.Build.0 = Debug|Any CPU
		{4CA77F13-CC31-4386-B52C-8862674EE4DE}.Release|Any CPU.ActiveCfg = Release|Any CPU
		{4CA77F13-CC31-4386-B52C-8862674EE4DE}.Release|Any CPU.Build.0 = Release|Any CPU
		{BF9BB7F8-2A2D-46B9-9F9D-051ADAF54552}.Debug|Any CPU.ActiveCfg = Debug|Any CPU
		{BF9BB7F8-2A2D-46B9-9F9D-051ADAF54552}.Debug|Any CPU.Build.0 = Debug|Any CPU
		{BF9BB7F8-2A2D-46B9-9F9D-051ADAF54552}.Release|Any CPU.ActiveCfg = Release|Any CPU
		{BF9BB7F8-2A2D-46B9-9F9D-051ADAF54552}.Release|Any CPU.Build.0 = Release|Any CPU
		{0672ECB3-1E30-434B-B792-AA7A8EDD8623}.Debug|Any CPU.ActiveCfg = Debug|Any CPU
		{0672ECB3-1E30-434B-B792-AA7A8EDD8623}.Debug|Any CPU.Build.0 = Debug|Any CPU
		{0672ECB3-1E30-434B-B792-AA7A8EDD8623}.Release|Any CPU.ActiveCfg = Release|Any CPU
		{0672ECB3-1E30-434B-B792-AA7A8EDD8623}.Release|Any CPU.Build.0 = Release|Any CPU
	EndGlobalSection
	GlobalSection(SolutionProperties) = preSolution
		HideSolutionNode = FALSE
	EndGlobalSection
	GlobalSection(ExtensibilityGlobals) = postSolution
		SolutionGuid = {B01E6C57-8C3E-412F-911D-011AB331E3B2}
	EndGlobalSection
EndGlobal
